
Microsoft Visual Studio Solution File, Format Version 12.00
# Visual Studio Version 17
VisualStudioVersion = 17.7.34221.43
MinimumVisualStudioVersion = 10.0.40219.1
Project("{FAE04EC0-301F-11D3-BF4B-00C04F79EFBC}") = "AdventOfCode2023", "AdventOfCode2023\AdventOfCode2023.csproj", "{8EFC759A-B96F-4718-B5DB-F20ABD111330}"
EndProject
Global
	GlobalSection(SolutionConfigurationPlatforms) = preSolution
		Debug|Any CPU = Debug|Any CPU
		Release|Any CPU = Release|Any CPU
	EndGlobalSection
	GlobalSection(ProjectConfigurationPlatforms) = postSolution
		{8EFC759A-B96F-4718-B5DB-F20ABD111330}.Debug|Any CPU.ActiveCfg = Debug|Any CPU
		{8EFC759A-B96F-4718-B5DB-F20ABD111330}.Debug|Any CPU.Build.0 = Debug|Any CPU
		{8EFC759A-B96F-4718-B5DB-F20ABD111330}.Release|Any CPU.ActiveCfg = Release|Any CPU
		{8EFC759A-B96F-4718-B5DB-F20ABD111330}.Release|Any CPU.Build.0 = Release|Any CPU
	EndGlobalSection
	GlobalSection(SolutionProperties) = preSolution
		HideSolutionNode = FALSE
	EndGlobalSection
	GlobalSection(ExtensibilityGlobals) = postSolution
		SolutionGuid = {7F5EC1E7-1988-4D76-9F2D-4442DAA285FC}
	EndGlobalSection
EndGlobal
